
Microsoft Visual Studio Solution File, Format Version 12.00
# Visual Studio 2013
VisualStudioVersion = 12.0.30501.0
MinimumVisualStudioVersion = 10.0.40219.1
Project("{8BC9CEB8-8B4A-11D0-8D11-00A0C91BC942}") = "1001", "1001\1001.vcxproj", "{D6B57490-B7DF-4BDF-937C-9A6D7D7A28F8}"
EndProject
Project("{8BC9CEB8-8B4A-11D0-8D11-00A0C91BC942}") = "1002", "1002\1002.vcxproj", "{C1F0E29E-583A-4392-9234-0DB3B7918047}"
EndProject
Project("{8BC9CEB8-8B4A-11D0-8D11-00A0C91BC942}") = "1003", "1003\1003.vcxproj", "{22CED6B5-12F6-499C-AF88-847C49BF357C}"
EndProject
Project("{8BC9CEB8-8B4A-11D0-8D11-00A0C91BC942}") = "1004", "1004\1004.vcxproj", "{8C21B453-D722-4175-8E39-8D7E9B7F00C9}"
EndProject
Project("{8BC9CEB8-8B4A-11D0-8D11-00A0C91BC942}") = "1005", "1005\1005.vcxproj", "{913A39B1-245E-43D4-BED6-A0B58F910D25}"
EndProject
Project("{8BC9CEB8-8B4A-11D0-8D11-00A0C91BC942}") = "1006", "1006\1006.vcxproj", "{C28E2EDB-0433-4E61-AA78-365071A04498}"
EndProject
Project("{8BC9CEB8-8B4A-11D0-8D11-00A0C91BC942}") = "1007", "1007\1007.vcxproj", "{C489974A-CFBE-4556-AF7E-D5290E597572}"
EndProject
Project("{8BC9CEB8-8B4A-11D0-8D11-00A0C91BC942}") = "1008", "1008\1008.vcxproj", "{A73BA6B7-8CF7-4827-B483-1407253B0718}"
EndProject
Project("{8BC9CEB8-8B4A-11D0-8D11-00A0C91BC942}") = "1011", "1011\1011.vcxproj", "{1246A7AB-E989-4780-801E-EA51ECD9ABE9}"
EndProject
Project("{8BC9CEB8-8B4A-11D0-8D11-00A0C91BC942}") = "1045", "1045\1045.vcxproj", "{116BB800-821B-44BF-A0BA-6A85B74FC9FA}"
EndProject
Project("{8BC9CEB8-8B4A-11D0-8D11-00A0C91BC942}") = "1068", "1068\1068.vcxproj", "{76BE1451-0C30-4CFA-A7DF-1524AFB6FD4D}"
EndProject
Project("{8BC9CEB8-8B4A-11D0-8D11-00A0C91BC942}") = "1028", "1028\1028.vcxproj", "{EC7AA1C7-697C-4A51-B704-57BE7E56D70C}"
EndProject
Project("{8BC9CEB8-8B4A-11D0-8D11-00A0C91BC942}") = "1019", "1019\1019.vcxproj", "{F10C4F02-C75F-497B-B101-0ABFAE60BFD3}"
EndProject
Project("{8BC9CEB8-8B4A-11D0-8D11-00A0C91BC942}") = "1088", "1088\1088.vcxproj", "{D12B62B6-F5B0-41CD-909C-ABC33F23FD58}"
EndProject
Global
	GlobalSection(SolutionConfigurationPlatforms) = preSolution
		Debug|Win32 = Debug|Win32
		Release|Win32 = Release|Win32
	EndGlobalSection
	GlobalSection(ProjectConfigurationPlatforms) = postSolution
		{D6B57490-B7DF-4BDF-937C-9A6D7D7A28F8}.Debug|Win32.ActiveCfg = Debug|Win32
		{D6B57490-B7DF-4BDF-937C-9A6D7D7A28F8}.Debug|Win32.Build.0 = Debug|Win32
		{D6B57490-B7DF-4BDF-937C-9A6D7D7A28F8}.Release|Win32.ActiveCfg = Release|Win32
		{D6B57490-B7DF-4BDF-937C-9A6D7D7A28F8}.Release|Win32.Build.0 = Release|Win32
		{C1F0E29E-583A-4392-9234-0DB3B7918047}.Debug|Win32.ActiveCfg = Debug|Win32
		{C1F0E29E-583A-4392-9234-0DB3B7918047}.Debug|Win32.Build.0 = Debug|Win32
		{C1F0E29E-583A-4392-9234-0DB3B7918047}.Release|Win32.ActiveCfg = Release|Win32
		{C1F0E29E-583A-4392-9234-0DB3B7918047}.Release|Win32.Build.0 = Release|Win32
		{22CED6B5-12F6-499C-AF88-847C49BF357C}.Debug|Win32.ActiveCfg = Debug|Win32
		{22CED6B5-12F6-499C-AF88-847C49BF357C}.Debug|Win32.Build.0 = Debug|Win32
		{22CED6B5-12F6-499C-AF88-847C49BF357C}.Release|Win32.ActiveCfg = Release|Win32
		{22CED6B5-12F6-499C-AF88-847C49BF357C}.Release|Win32.Build.0 = Release|Win32
		{8C21B453-D722-4175-8E39-8D7E9B7F00C9}.Debug|Win32.ActiveCfg = Debug|Win32
		{8C21B453-D722-4175-8E39-8D7E9B7F00C9}.Debug|Win32.Build.0 = Debug|Win32
		{8C21B453-D722-4175-8E39-8D7E9B7F00C9}.Release|Win32.ActiveCfg = Release|Win32
		{8C21B453-D722-4175-8E39-8D7E9B7F00C9}.Release|Win32.Build.0 = Release|Win32
		{913A39B1-245E-43D4-BED6-A0B58F910D25}.Debug|Win32.ActiveCfg = Debug|Win32
		{913A39B1-245E-43D4-BED6-A0B58F910D25}.Debug|Win32.Build.0 = Debug|Win32
		{913A39B1-245E-43D4-BED6-A0B58F910D25}.Release|Win32.ActiveCfg = Release|Win32
		{913A39B1-245E-43D4-BED6-A0B58F910D25}.Release|Win32.Build.0 = Release|Win32
		{C28E2EDB-0433-4E61-AA78-365071A04498}.Debug|Win32.ActiveCfg = Debug|Win32
		{C28E2EDB-0433-4E61-AA78-365071A04498}.Debug|Win32.Build.0 = Debug|Win32
		{C28E2EDB-0433-4E61-AA78-365071A04498}.Release|Win32.ActiveCfg = Release|Win32
		{C28E2EDB-0433-4E61-AA78-365071A04498}.Release|Win32.Build.0 = Release|Win32
		{C489974A-CFBE-4556-AF7E-D5290E597572}.Debug|Win32.ActiveCfg = Debug|Win32
		{C489974A-CFBE-4556-AF7E-D5290E597572}.Debug|Win32.Build.0 = Debug|Win32
		{C489974A-CFBE-4556-AF7E-D5290E597572}.Release|Win32.ActiveCfg = Release|Win32
		{C489974A-CFBE-4556-AF7E-D5290E597572}.Release|Win32.Build.0 = Release|Win32
		{A73BA6B7-8CF7-4827-B483-1407253B0718}.Debug|Win32.ActiveCfg = Debug|Win32
		{A73BA6B7-8CF7-4827-B483-1407253B0718}.Debug|Win32.Build.0 = Debug|Win32
		{A73BA6B7-8CF7-4827-B483-1407253B0718}.Release|Win32.ActiveCfg = Release|Win32
		{A73BA6B7-8CF7-4827-B483-1407253B0718}.Release|Win32.Build.0 = Release|Win32
		{1246A7AB-E989-4780-801E-EA51ECD9ABE9}.Debug|Win32.ActiveCfg = Debug|Win32
		{1246A7AB-E989-4780-801E-EA51ECD9ABE9}.Debug|Win32.Build.0 = Debug|Win32
		{1246A7AB-E989-4780-801E-EA51ECD9ABE9}.Release|Win32.ActiveCfg = Release|Win32
		{1246A7AB-E989-4780-801E-EA51ECD9ABE9}.Release|Win32.Build.0 = Release|Win32
		{116BB800-821B-44BF-A0BA-6A85B74FC9FA}.Debug|Win32.ActiveCfg = Debug|Win32
		{116BB800-821B-44BF-A0BA-6A85B74FC9FA}.Debug|Win32.Build.0 = Debug|Win32
		{116BB800-821B-44BF-A0BA-6A85B74FC9FA}.Release|Win32.ActiveCfg = Release|Win32
		{116BB800-821B-44BF-A0BA-6A85B74FC9FA}.Release|Win32.Build.0 = Release|Win32
		{76BE1451-0C30-4CFA-A7DF-1524AFB6FD4D}.Debug|Win32.ActiveCfg = Debug|Win32
		{76BE1451-0C30-4CFA-A7DF-1524AFB6FD4D}.Debug|Win32.Build.0 = Debug|Win32
		{76BE1451-0C30-4CFA-A7DF-1524AFB6FD4D}.Release|Win32.ActiveCfg = Release|Win32
		{76BE1451-0C30-4CFA-A7DF-1524AFB6FD4D}.Release|Win32.Build.0 = Release|Win32
		{EC7AA1C7-697C-4A51-B704-57BE7E56D70C}.Debug|Win32.ActiveCfg = Debug|Win32
		{EC7AA1C7-697C-4A51-B704-57BE7E56D70C}.Debug|Win32.Build.0 = Debug|Win32
		{EC7AA1C7-697C-4A51-B704-57BE7E56D70C}.Release|Win32.ActiveCfg = Release|Win32
		{EC7AA1C7-697C-4A51-B704-57BE7E56D70C}.Release|Win32.Build.0 = Release|Win32
		{F10C4F02-C75F-497B-B101-0ABFAE60BFD3}.Debug|Win32.ActiveCfg = Debug|Win32
		{F10C4F02-C75F-497B-B101-0ABFAE60BFD3}.Debug|Win32.Build.0 = Debug|Win32
		{F10C4F02-C75F-497B-B101-0ABFAE60BFD3}.Release|Win32.ActiveCfg = Release|Win32
		{F10C4F02-C75F-497B-B101-0ABFAE60BFD3}.Release|Win32.Build.0 = Release|Win32
		{D12B62B6-F5B0-41CD-909C-ABC33F23FD58}.Debug|Win32.ActiveCfg = Debug|Win32
		{D12B62B6-F5B0-41CD-909C-ABC33F23FD58}.Debug|Win32.Build.0 = Debug|Win32
		{D12B62B6-F5B0-41CD-909C-ABC33F23FD58}.Release|Win32.ActiveCfg = Release|Win32
		{D12B62B6-F5B0-41CD-909C-ABC33F23FD58}.Release|Win32.Build.0 = Release|Win32
	EndGlobalSection
	GlobalSection(SolutionProperties) = preSolution
		HideSolutionNode = FALSE
	EndGlobalSection
EndGlobal
